
Microsoft Visual Studio Solution File, Format Version 12.00
# Visual Studio Version 16
VisualStudioVersion = 16.0.30204.135
MinimumVisualStudioVersion = 10.0.40219.1
Project("{FAE04EC0-301F-11D3-BF4B-00C04F79EFBC}") = "UMT Software Problem", "UMT Software Problem\UMT Software Problem.csproj", "{B477E84E-5667-4217-8B79-C3E98058E7C0}"
EndProject
Global
	GlobalSection(SolutionConfigurationPlatforms) = preSolution
		Debug|Any CPU = Debug|Any CPU
		Release|Any CPU = Release|Any CPU
	EndGlobalSection
	GlobalSection(ProjectConfigurationPlatforms) = postSolution
		{B477E84E-5667-4217-8B79-C3E98058E7C0}.Debug|Any CPU.ActiveCfg = Debug|Any CPU
		{B477E84E-5667-4217-8B79-C3E98058E7C0}.Debug|Any CPU.Build.0 = Debug|Any CPU
		{B477E84E-5667-4217-8B79-C3E98058E7C0}.Release|Any CPU.ActiveCfg = Release|Any CPU
		{B477E84E-5667-4217-8B79-C3E98058E7C0}.Release|Any CPU.Build.0 = Release|Any CPU
	EndGlobalSection
	GlobalSection(SolutionProperties) = preSolution
		HideSolutionNode = FALSE
	EndGlobalSection
	GlobalSection(ExtensibilityGlobals) = postSolution
		SolutionGuid = {6C852C5B-7EA9-43BC-8270-FA970CC5B489}
	EndGlobalSection
EndGlobal
